// !$*UTF8*$!
{
	archiveVersion = 1;
	classes = {
	};
	objectVersion = 77;
	objects = {

/* Begin PBXBuildFile section */
		C1BF07982D4A311B0004B65B /* TalkThemeApp.swift in Sources */ = {isa = PBXBuildFile; fileRef = C1BF07952D4A311B0004B65B /* TalkThemeApp.swift */; };
		C1BF07992D4A311B0004B65B /* Preview Assets.xcassets in Resources */ = {isa = PBXBuildFile; fileRef = C1BF07912D4A311B0004B65B /* Preview Assets.xcassets */; };
		C1BF079A2D4A311B0004B65B /* Assets.xcassets in Resources */ = {isa = PBXBuildFile; fileRef = C1BF07932D4A311B0004B65B /* Assets.xcassets */; };
		C1BF079C2D4A3C4A0004B65B /* HomeView.swift in Sources */ = {isa = PBXBuildFile; fileRef = C1BF079B2D4A3C4A0004B65B /* HomeView.swift */; };
		C1BF07A22D4A45480004B65B /* PasswordView.swift in Sources */ = {isa = PBXBuildFile; fileRef = C1BF07A12D4A45480004B65B /* PasswordView.swift */; };
		C1BF07A52D4A48630004B65B /* ThemeView.swift in Sources */ = {isa = PBXBuildFile; fileRef = C1BF07A42D4A48630004B65B /* ThemeView.swift */; };
		C1BF07A72D4BA9CC0004B65B /* ResultView.swift in Sources */ = {isa = PBXBuildFile; fileRef = C1BF07A62D4BA9CC0004B65B /* ResultView.swift */; };
		C1BF07A92D5CAF2B0004B65B /* GoogleService-Info.plist in Resources */ = {isa = PBXBuildFile; fileRef = C1BF07A82D5CAF2B0004B65B /* GoogleService-Info.plist */; };
		C1BF07AC2D5CB23C0004B65B /* FirebaseAnalytics in Frameworks */ = {isa = PBXBuildFile; productRef = C1BF07AB2D5CB23C0004B65B /* FirebaseAnalytics */; };
		C1BF07B62D65E7460004B65B /* Room.swift in Sources */ = {isa = PBXBuildFile; fileRef = C1BF07B52D65E7460004B65B /* Room.swift */; };
		C1BF07B92D65E7D60004B65B /* FirebaseFirestore in Frameworks */ = {isa = PBXBuildFile; productRef = C1BF07B82D65E7D60004B65B /* FirebaseFirestore */; };
		C1DA47982D94EA7900942514 /* ViewModel.swift in Sources */ = {isa = PBXBuildFile; fileRef = C1DA47972D94EA7900942514 /* ViewModel.swift */; };
		C1DA479C2D9524D600942514 /* UserDefaultsKey.swift in Sources */ = {isa = PBXBuildFile; fileRef = C1DA479B2D9524D600942514 /* UserDefaultsKey.swift */; };
		C1DA47A12D952B4A00942514 /* MembersView.swift in Sources */ = {isa = PBXBuildFile; fileRef = C1DA47A02D952B4A00942514 /* MembersView.swift */; };
		C1DA47A52D953CB000942514 /* WaitingView.swift in Sources */ = {isa = PBXBuildFile; fileRef = C1DA47A42D953CB000942514 /* WaitingView.swift */; };
		C1DA47A72D95542A00942514 /* ContinueView.swift in Sources */ = {isa = PBXBuildFile; fileRef = C1DA47A62D95542A00942514 /* ContinueView.swift */; };
/* End PBXBuildFile section */

/* Begin PBXFileReference section */
		C1BF07802D4A31140004B65B /* TalkTheme.app */ = {isa = PBXFileReference; explicitFileType = wrapper.application; includeInIndex = 0; path = TalkTheme.app; sourceTree = BUILT_PRODUCTS_DIR; };
		C1BF07912D4A311B0004B65B /* Preview Assets.xcassets */ = {isa = PBXFileReference; lastKnownFileType = folder.assetcatalog; path = "Preview Assets.xcassets"; sourceTree = "<group>"; };
		C1BF07932D4A311B0004B65B /* Assets.xcassets */ = {isa = PBXFileReference; lastKnownFileType = folder.assetcatalog; path = Assets.xcassets; sourceTree = "<group>"; };
		C1BF07952D4A311B0004B65B /* TalkThemeApp.swift */ = {isa = PBXFileReference; lastKnownFileType = sourcecode.swift; path = TalkThemeApp.swift; sourceTree = "<group>"; };
		C1BF079B2D4A3C4A0004B65B /* HomeView.swift */ = {isa = PBXFileReference; lastKnownFileType = sourcecode.swift; path = HomeView.swift; sourceTree = "<group>"; };
		C1BF07A12D4A45480004B65B /* PasswordView.swift */ = {isa = PBXFileReference; lastKnownFileType = sourcecode.swift; path = PasswordView.swift; sourceTree = "<group>"; };
		C1BF07A42D4A48630004B65B /* ThemeView.swift */ = {isa = PBXFileReference; lastKnownFileType = sourcecode.swift; path = ThemeView.swift; sourceTree = "<group>"; };
		C1BF07A62D4BA9CC0004B65B /* ResultView.swift */ = {isa = PBXFileReference; lastKnownFileType = sourcecode.swift; path = ResultView.swift; sourceTree = "<group>"; };
		C1BF07A82D5CAF2B0004B65B /* GoogleService-Info.plist */ = {isa = PBXFileReference; lastKnownFileType = text.plist.xml; path = "GoogleService-Info.plist"; sourceTree = "<group>"; };
		C1BF07B52D65E7460004B65B /* Room.swift */ = {isa = PBXFileReference; lastKnownFileType = sourcecode.swift; path = Room.swift; sourceTree = "<group>"; };
		C1DA47972D94EA7900942514 /* ViewModel.swift */ = {isa = PBXFileReference; lastKnownFileType = sourcecode.swift; path = ViewModel.swift; sourceTree = "<group>"; };
		C1DA479B2D9524D600942514 /* UserDefaultsKey.swift */ = {isa = PBXFileReference; lastKnownFileType = sourcecode.swift; path = UserDefaultsKey.swift; sourceTree = "<group>"; };
		C1DA47A02D952B4A00942514 /* MembersView.swift */ = {isa = PBXFileReference; lastKnownFileType = sourcecode.swift; path = MembersView.swift; sourceTree = "<group>"; };
		C1DA47A42D953CB000942514 /* WaitingView.swift */ = {isa = PBXFileReference; lastKnownFileType = sourcecode.swift; path = WaitingView.swift; sourceTree = "<group>"; };
		C1DA47A62D95542A00942514 /* ContinueView.swift */ = {isa = PBXFileReference; lastKnownFileType = sourcecode.swift; path = ContinueView.swift; sourceTree = "<group>"; };
/* End PBXFileReference section */

/* Begin PBXFrameworksBuildPhase section */
		C1BF077D2D4A31140004B65B /* Frameworks */ = {
			isa = PBXFrameworksBuildPhase;
			buildActionMask = 2147483647;
			files = (
				C1BF07AC2D5CB23C0004B65B /* FirebaseAnalytics in Frameworks */,
				C1BF07B92D65E7D60004B65B /* FirebaseFirestore in Frameworks */,
			);
			runOnlyForDeploymentPostprocessing = 0;
		};
/* End PBXFrameworksBuildPhase section */

/* Begin PBXGroup section */
		C1BF07772D4A31130004B65B = {
			isa = PBXGroup;
			children = (
				C1BF07962D4A311B0004B65B /* TalkTheme */,
				C1BF07B72D65E7D60004B65B /* Frameworks */,
				C1BF07812D4A31140004B65B /* Products */,
			);
			sourceTree = "<group>";
		};
		C1BF07812D4A31140004B65B /* Products */ = {
			isa = PBXGroup;
			children = (
				C1BF07802D4A31140004B65B /* TalkTheme.app */,
			);
			name = Products;
			sourceTree = "<group>";
		};
		C1BF07922D4A311B0004B65B /* Preview Content */ = {
			isa = PBXGroup;
			children = (
				C1BF07912D4A311B0004B65B /* Preview Assets.xcassets */,
			);
			path = "Preview Content";
			sourceTree = "<group>";
		};
		C1BF07962D4A311B0004B65B /* TalkTheme */ = {
			isa = PBXGroup;
			children = (
				C1BF07952D4A311B0004B65B /* TalkThemeApp.swift */,
				C1DA47972D94EA7900942514 /* ViewModel.swift */,
				C1DA47962D94E99B00942514 /* View */,
				C1DA47952D94E98700942514 /* Model */,
				C1DA479D2D9524D900942514 /* Utility */,
				C1BF07A82D5CAF2B0004B65B /* GoogleService-Info.plist */,
				C1BF07922D4A311B0004B65B /* Preview Content */,
				C1BF07932D4A311B0004B65B /* Assets.xcassets */,
			);
			path = TalkTheme;
			sourceTree = "<group>";
		};
		C1BF07B72D65E7D60004B65B /* Frameworks */ = {
			isa = PBXGroup;
			children = (
			);
			name = Frameworks;
			sourceTree = "<group>";
		};
		C1DA47952D94E98700942514 /* Model */ = {
			isa = PBXGroup;
			children = (
				C1BF07B52D65E7460004B65B /* Room.swift */,
			);
			path = Model;
			sourceTree = "<group>";
		};
		C1DA47962D94E99B00942514 /* View */ = {
			isa = PBXGroup;
			children = (
				C1BF079B2D4A3C4A0004B65B /* HomeView.swift */,
				C1BF07A12D4A45480004B65B /* PasswordView.swift */,
				C1DA47A02D952B4A00942514 /* MembersView.swift */,
				C1BF07A42D4A48630004B65B /* ThemeView.swift */,
				C1DA47A42D953CB000942514 /* WaitingView.swift */,
				C1BF07A62D4BA9CC0004B65B /* ResultView.swift */,
				C1DA47A62D95542A00942514 /* ContinueView.swift */,
			);
			path = View;
			sourceTree = "<group>";
		};
		C1DA479D2D9524D900942514 /* Utility */ = {
			isa = PBXGroup;
			children = (
				C1DA479B2D9524D600942514 /* UserDefaultsKey.swift */,
			);
			path = Utility;
			sourceTree = "<group>";
		};
/* End PBXGroup section */

/* Begin PBXNativeTarget section */
		C1BF077F2D4A31140004B65B /* TalkTheme */ = {
			isa = PBXNativeTarget;
			buildConfigurationList = C1BF078E2D4A31160004B65B /* Build configuration list for PBXNativeTarget "TalkTheme" */;
			buildPhases = (
				C1BF077C2D4A31140004B65B /* Sources */,
				C1BF077D2D4A31140004B65B /* Frameworks */,
				C1BF077E2D4A31140004B65B /* Resources */,
			);
			buildRules = (
			);
			dependencies = (
			);
			name = TalkTheme;
			packageProductDependencies = (
				C1BF07AB2D5CB23C0004B65B /* FirebaseAnalytics */,
				C1BF07B82D65E7D60004B65B /* FirebaseFirestore */,
			);
			productName = TalkTheme;
			productReference = C1BF07802D4A31140004B65B /* TalkTheme.app */;
			productType = "com.apple.product-type.application";
		};
/* End PBXNativeTarget section */

/* Begin PBXProject section */
		C1BF07782D4A31130004B65B /* Project object */ = {
			isa = PBXProject;
			attributes = {
				BuildIndependentTargetsInParallel = 1;
				LastSwiftUpdateCheck = 1620;
				LastUpgradeCheck = 1620;
				TargetAttributes = {
					C1BF077F2D4A31140004B65B = {
						CreatedOnToolsVersion = 16.2;
					};
				};
			};
			buildConfigurationList = C1BF077B2D4A31130004B65B /* Build configuration list for PBXProject "TalkTheme" */;
			developmentRegion = en;
			hasScannedForEncodings = 0;
			knownRegions = (
				en,
				Base,
			);
			mainGroup = C1BF07772D4A31130004B65B;
			minimizedProjectReferenceProxies = 1;
			packageReferences = (
				C1BF07AA2D5CB23C0004B65B /* XCRemoteSwiftPackageReference "firebase-ios-sdk" */,
			);
			preferredProjectObjectVersion = 77;
			productRefGroup = C1BF07812D4A31140004B65B /* Products */;
			projectDirPath = "";
			projectRoot = "";
			targets = (
				C1BF077F2D4A31140004B65B /* TalkTheme */,
			);
		};
/* End PBXProject section */

/* Begin PBXResourcesBuildPhase section */
		C1BF077E2D4A31140004B65B /* Resources */ = {
			isa = PBXResourcesBuildPhase;
			buildActionMask = 2147483647;
			files = (
				C1BF07992D4A311B0004B65B /* Preview Assets.xcassets in Resources */,
				C1BF07A92D5CAF2B0004B65B /* GoogleService-Info.plist in Resources */,
				C1BF079A2D4A311B0004B65B /* Assets.xcassets in Resources */,
			);
			runOnlyForDeploymentPostprocessing = 0;
		};
/* End PBXResourcesBuildPhase section */

/* Begin PBXSourcesBuildPhase section */
		C1BF077C2D4A31140004B65B /* Sources */ = {
			isa = PBXSourcesBuildPhase;
			buildActionMask = 2147483647;
			files = (
				C1DA47A52D953CB000942514 /* WaitingView.swift in Sources */,
				C1DA47A72D95542A00942514 /* ContinueView.swift in Sources */,
				C1DA47A12D952B4A00942514 /* MembersView.swift in Sources */,
				C1DA479C2D9524D600942514 /* UserDefaultsKey.swift in Sources */,
				C1BF07A22D4A45480004B65B /* PasswordView.swift in Sources */,
				C1BF079C2D4A3C4A0004B65B /* HomeView.swift in Sources */,
				C1BF07B62D65E7460004B65B /* Room.swift in Sources */,
				C1BF07982D4A311B0004B65B /* TalkThemeApp.swift in Sources */,
				C1BF07A52D4A48630004B65B /* ThemeView.swift in Sources */,
				C1DA47982D94EA7900942514 /* ViewModel.swift in Sources */,
				C1BF07A72D4BA9CC0004B65B /* ResultView.swift in Sources */,
			);
			runOnlyForDeploymentPostprocessing = 0;
		};
/* End PBXSourcesBuildPhase section */

/* Begin XCBuildConfiguration section */
		C1BF078C2D4A31160004B65B /* Debug */ = {
			isa = XCBuildConfiguration;
			buildSettings = {
				ALWAYS_SEARCH_USER_PATHS = NO;
				ASSETCATALOG_COMPILER_GENERATE_SWIFT_ASSET_SYMBOL_EXTENSIONS = YES;
				CLANG_ANALYZER_NONNULL = YES;
				CLANG_ANALYZER_NUMBER_OBJECT_CONVERSION = YES_AGGRESSIVE;
				CLANG_CXX_LANGUAGE_STANDARD = "gnu++20";
				CLANG_ENABLE_MODULES = YES;
				CLANG_ENABLE_OBJC_ARC = YES;
				CLANG_ENABLE_OBJC_WEAK = YES;
				CLANG_WARN_BLOCK_CAPTURE_AUTORELEASING = YES;
				CLANG_WARN_BOOL_CONVERSION = YES;
				CLANG_WARN_COMMA = YES;
				CLANG_WARN_CONSTANT_CONVERSION = YES;
				CLANG_WARN_DEPRECATED_OBJC_IMPLEMENTATIONS = YES;
				CLANG_WARN_DIRECT_OBJC_ISA_USAGE = YES_ERROR;
				CLANG_WARN_DOCUMENTATION_COMMENTS = YES;
				CLANG_WARN_EMPTY_BODY = YES;
				CLANG_WARN_ENUM_CONVERSION = YES;
				CLANG_WARN_INFINITE_RECURSION = YES;
				CLANG_WARN_INT_CONVERSION = YES;
				CLANG_WARN_NON_LITERAL_NULL_CONVERSION = YES;
				CLANG_WARN_OBJC_IMPLICIT_RETAIN_SELF = YES;
				CLANG_WARN_OBJC_LITERAL_CONVERSION = YES;
				CLANG_WARN_OBJC_ROOT_CLASS = YES_ERROR;
				CLANG_WARN_QUOTED_INCLUDE_IN_FRAMEWORK_HEADER = YES;
				CLANG_WARN_RANGE_LOOP_ANALYSIS = YES;
				CLANG_WARN_STRICT_PROTOTYPES = YES;
				CLANG_WARN_SUSPICIOUS_MOVE = YES;
				CLANG_WARN_UNGUARDED_AVAILABILITY = YES_AGGRESSIVE;
				CLANG_WARN_UNREACHABLE_CODE = YES;
				CLANG_WARN__DUPLICATE_METHOD_MATCH = YES;
				COPY_PHASE_STRIP = NO;
				DEBUG_INFORMATION_FORMAT = dwarf;
				ENABLE_STRICT_OBJC_MSGSEND = YES;
				ENABLE_TESTABILITY = YES;
				ENABLE_USER_SCRIPT_SANDBOXING = YES;
				GCC_C_LANGUAGE_STANDARD = gnu17;
				GCC_DYNAMIC_NO_PIC = NO;
				GCC_NO_COMMON_BLOCKS = YES;
				GCC_OPTIMIZATION_LEVEL = 0;
				GCC_PREPROCESSOR_DEFINITIONS = (
					"DEBUG=1",
					"$(inherited)",
				);
				GCC_WARN_64_TO_32_BIT_CONVERSION = YES;
				GCC_WARN_ABOUT_RETURN_TYPE = YES_ERROR;
				GCC_WARN_UNDECLARED_SELECTOR = YES;
				GCC_WARN_UNINITIALIZED_AUTOS = YES_AGGRESSIVE;
				GCC_WARN_UNUSED_FUNCTION = YES;
				GCC_WARN_UNUSED_VARIABLE = YES;
				IPHONEOS_DEPLOYMENT_TARGET = 18.2;
				LOCALIZATION_PREFERS_STRING_CATALOGS = YES;
				MTL_ENABLE_DEBUG_INFO = INCLUDE_SOURCE;
				MTL_FAST_MATH = YES;
				ONLY_ACTIVE_ARCH = YES;
				SDKROOT = iphoneos;
				SWIFT_ACTIVE_COMPILATION_CONDITIONS = "DEBUG $(inherited)";
				SWIFT_OPTIMIZATION_LEVEL = "-Onone";
			};
			name = Debug;
		};
		C1BF078D2D4A31160004B65B /* Release */ = {
			isa = XCBuildConfiguration;
			buildSettings = {
				ALWAYS_SEARCH_USER_PATHS = NO;
				ASSETCATALOG_COMPILER_GENERATE_SWIFT_ASSET_SYMBOL_EXTENSIONS = YES;
				CLANG_ANALYZER_NONNULL = YES;
				CLANG_ANALYZER_NUMBER_OBJECT_CONVERSION = YES_AGGRESSIVE;
				CLANG_CXX_LANGUAGE_STANDARD = "gnu++20";
				CLANG_ENABLE_MODULES = YES;
				CLANG_ENABLE_OBJC_ARC = YES;
				CLANG_ENABLE_OBJC_WEAK = YES;
				CLANG_WARN_BLOCK_CAPTURE_AUTORELEASING = YES;
				CLANG_WARN_BOOL_CONVERSION = YES;
				CLANG_WARN_COMMA = YES;
				CLANG_WARN_CONSTANT_CONVERSION = YES;
				CLANG_WARN_DEPRECATED_OBJC_IMPLEMENTATIONS = YES;
				CLANG_WARN_DIRECT_OBJC_ISA_USAGE = YES_ERROR;
				CLANG_WARN_DOCUMENTATION_COMMENTS = YES;
				CLANG_WARN_EMPTY_BODY = YES;
				CLANG_WARN_ENUM_CONVERSION = YES;
				CLANG_WARN_INFINITE_RECURSION = YES;
				CLANG_WARN_INT_CONVERSION = YES;
				CLANG_WARN_NON_LITERAL_NULL_CONVERSION = YES;
				CLANG_WARN_OBJC_IMPLICIT_RETAIN_SELF = YES;
				CLANG_WARN_OBJC_LITERAL_CONVERSION = YES;
				CLANG_WARN_OBJC_ROOT_CLASS = YES_ERROR;
				CLANG_WARN_QUOTED_INCLUDE_IN_FRAMEWORK_HEADER = YES;
				CLANG_WARN_RANGE_LOOP_ANALYSIS = YES;
				CLANG_WARN_STRICT_PROTOTYPES = YES;
				CLANG_WARN_SUSPICIOUS_MOVE = YES;
				CLANG_WARN_UNGUARDED_AVAILABILITY = YES_AGGRESSIVE;
				CLANG_WARN_UNREACHABLE_CODE = YES;
				CLANG_WARN__DUPLICATE_METHOD_MATCH = YES;
				COPY_PHASE_STRIP = NO;
				DEBUG_INFORMATION_FORMAT = "dwarf-with-dsym";
				ENABLE_NS_ASSERTIONS = NO;
				ENABLE_STRICT_OBJC_MSGSEND = YES;
				ENABLE_USER_SCRIPT_SANDBOXING = YES;
				GCC_C_LANGUAGE_STANDARD = gnu17;
				GCC_NO_COMMON_BLOCKS = YES;
				GCC_WARN_64_TO_32_BIT_CONVERSION = YES;
				GCC_WARN_ABOUT_RETURN_TYPE = YES_ERROR;
				GCC_WARN_UNDECLARED_SELECTOR = YES;
				GCC_WARN_UNINITIALIZED_AUTOS = YES_AGGRESSIVE;
				GCC_WARN_UNUSED_FUNCTION = YES;
				GCC_WARN_UNUSED_VARIABLE = YES;
				IPHONEOS_DEPLOYMENT_TARGET = 18.2;
				LOCALIZATION_PREFERS_STRING_CATALOGS = YES;
				MTL_ENABLE_DEBUG_INFO = NO;
				MTL_FAST_MATH = YES;
				SDKROOT = iphoneos;
				SWIFT_COMPILATION_MODE = wholemodule;
				VALIDATE_PRODUCT = YES;
			};
			name = Release;
		};
		C1BF078F2D4A31160004B65B /* Debug */ = {
			isa = XCBuildConfiguration;
			buildSettings = {
				ASSETCATALOG_COMPILER_APPICON_NAME = AppIcon;
				ASSETCATALOG_COMPILER_GLOBAL_ACCENT_COLOR_NAME = AccentColor;
				CODE_SIGN_STYLE = Automatic;
				CURRENT_PROJECT_VERSION = 1;
				DEVELOPMENT_ASSET_PATHS = "\"TalkTheme/Preview Content\"";
				DEVELOPMENT_TEAM = 7SXUS86R96;
				ENABLE_PREVIEWS = YES;
				GENERATE_INFOPLIST_FILE = YES;
				INFOPLIST_KEY_UIApplicationSceneManifest_Generation = YES;
				INFOPLIST_KEY_UIApplicationSupportsIndirectInputEvents = YES;
				INFOPLIST_KEY_UILaunchScreen_Generation = YES;
				INFOPLIST_KEY_UISupportedInterfaceOrientations_iPad = "UIInterfaceOrientationPortrait UIInterfaceOrientationPortraitUpsideDown UIInterfaceOrientationLandscapeLeft UIInterfaceOrientationLandscapeRight";
				INFOPLIST_KEY_UISupportedInterfaceOrientations_iPhone = "UIInterfaceOrientationPortrait UIInterfaceOrientationLandscapeLeft UIInterfaceOrientationLandscapeRight";
				LD_RUNPATH_SEARCH_PATHS = (
					"$(inherited)",
					"@executable_path/Frameworks",
				);
				MARKETING_VERSION = 1.0;
				PRODUCT_BUNDLE_IDENTIFIER = app.muroyama.yui.TalkTheme;
				PRODUCT_NAME = "$(TARGET_NAME)";
				SWIFT_EMIT_LOC_STRINGS = YES;
				SWIFT_VERSION = 5.0;
				TARGETED_DEVICE_FAMILY = "1,2";
			};
			name = Debug;
		};
		C1BF07902D4A31160004B65B /* Release */ = {
			isa = XCBuildConfiguration;
			buildSettings = {
				ASSETCATALOG_COMPILER_APPICON_NAME = AppIcon;
				ASSETCATALOG_COMPILER_GLOBAL_ACCENT_COLOR_NAME = AccentColor;
				CODE_SIGN_STYLE = Automatic;
				CURRENT_PROJECT_VERSION = 1;
				DEVELOPMENT_ASSET_PATHS = "\"TalkTheme/Preview Content\"";
				DEVELOPMENT_TEAM = 7SXUS86R96;
				ENABLE_PREVIEWS = YES;
				GENERATE_INFOPLIST_FILE = YES;
				INFOPLIST_KEY_UIApplicationSceneManifest_Generation = YES;
				INFOPLIST_KEY_UIApplicationSupportsIndirectInputEvents = YES;
				INFOPLIST_KEY_UILaunchScreen_Generation = YES;
				INFOPLIST_KEY_UISupportedInterfaceOrientations_iPad = "UIInterfaceOrientationPortrait UIInterfaceOrientationPortraitUpsideDown UIInterfaceOrientationLandscapeLeft UIInterfaceOrientationLandscapeRight";
				INFOPLIST_KEY_UISupportedInterfaceOrientations_iPhone = "UIInterfaceOrientationPortrait UIInterfaceOrientationLandscapeLeft UIInterfaceOrientationLandscapeRight";
				LD_RUNPATH_SEARCH_PATHS = (
					"$(inherited)",
					"@executable_path/Frameworks",
				);
				MARKETING_VERSION = 1.0;
				PRODUCT_BUNDLE_IDENTIFIER = app.muroyama.yui.TalkTheme;
				PRODUCT_NAME = "$(TARGET_NAME)";
				SWIFT_EMIT_LOC_STRINGS = YES;
				SWIFT_VERSION = 5.0;
				TARGETED_DEVICE_FAMILY = "1,2";
			};
			name = Release;
		};
/* End XCBuildConfiguration section */

/* Begin XCConfigurationList section */
		C1BF077B2D4A31130004B65B /* Build configuration list for PBXProject "TalkTheme" */ = {
			isa = XCConfigurationList;
			buildConfigurations = (
				C1BF078C2D4A31160004B65B /* Debug */,
				C1BF078D2D4A31160004B65B /* Release */,
			);
			defaultConfigurationIsVisible = 0;
			defaultConfigurationName = Release;
		};
		C1BF078E2D4A31160004B65B /* Build configuration list for PBXNativeTarget "TalkTheme" */ = {
			isa = XCConfigurationList;
			buildConfigurations = (
				C1BF078F2D4A31160004B65B /* Debug */,
				C1BF07902D4A31160004B65B /* Release */,
			);
			defaultConfigurationIsVisible = 0;
			defaultConfigurationName = Release;
		};
/* End XCConfigurationList section */

/* Begin XCRemoteSwiftPackageReference section */
		C1BF07AA2D5CB23C0004B65B /* XCRemoteSwiftPackageReference "firebase-ios-sdk" */ = {
			isa = XCRemoteSwiftPackageReference;
			repositoryURL = "https://github.com/firebase/firebase-ios-sdk";
			requirement = {
				kind = upToNextMajorVersion;
				minimumVersion = 11.8.1;
			};
		};
/* End XCRemoteSwiftPackageReference section */

/* Begin XCSwiftPackageProductDependency section */
		C1BF07AB2D5CB23C0004B65B /* FirebaseAnalytics */ = {
			isa = XCSwiftPackageProductDependency;
			package = C1BF07AA2D5CB23C0004B65B /* XCRemoteSwiftPackageReference "firebase-ios-sdk" */;
			productName = FirebaseAnalytics;
		};
		C1BF07B82D65E7D60004B65B /* FirebaseFirestore */ = {
			isa = XCSwiftPackageProductDependency;
			package = C1BF07AA2D5CB23C0004B65B /* XCRemoteSwiftPackageReference "firebase-ios-sdk" */;
			productName = FirebaseFirestore;
		};
/* End XCSwiftPackageProductDependency section */
	};
	rootObject = C1BF07782D4A31130004B65B /* Project object */;
}
